
Microsoft Visual Studio Solution File, Format Version 12.00
# Visual Studio Version 17
VisualStudioVersion = 17.0.31903.59
MinimumVisualStudioVersion = 10.0.40219.1
Project("{FAE04EC0-301F-11D3-BF4B-00C04F79EFBC}") = "HeroesApp.API", "HeroesApp.API\HeroesApp.API.csproj", "{5C22FD9B-9367-4B51-83EA-F4AF08AF2C97}"
EndProject
Project("{FAE04EC0-301F-11D3-BF4B-00C04F79EFBC}") = "HeroesApp.Domain", "HeroesApp.Domain\HeroesApp.Domain.csproj", "{3B23FABA-4F98-4B51-BAD8-219FF68811DB}"
EndProject
Project("{FAE04EC0-301F-11D3-BF4B-00C04F79EFBC}") = "HeroesApp.Application", "HeroesApp.Application\HeroesApp.Application.csproj", "{06A6D024-7C9B-4E94-AE7F-9654526CF9A0}"
EndProject
Project("{FAE04EC0-301F-11D3-BF4B-00C04F79EFBC}") = "HeroesApp.Infrastructure", "HeroesApp.Infrastructure\HeroesApp.Infrastructure.csproj", "{6E011FDF-3EE4-49E8-8B58-AB31A639B774}"
EndProject
Global
	GlobalSection(SolutionConfigurationPlatforms) = preSolution
		Debug|Any CPU = Debug|Any CPU
		Debug|x64 = Debug|x64
		Debug|x86 = Debug|x86
		Release|Any CPU = Release|Any CPU
		Release|x64 = Release|x64
		Release|x86 = Release|x86
	EndGlobalSection
	GlobalSection(ProjectConfigurationPlatforms) = postSolution
		{5C22FD9B-9367-4B51-83EA-F4AF08AF2C97}.Debug|Any CPU.ActiveCfg = Debug|Any CPU
		{5C22FD9B-9367-4B51-83EA-F4AF08AF2C97}.Debug|Any CPU.Build.0 = Debug|Any CPU
		{5C22FD9B-9367-4B51-83EA-F4AF08AF2C97}.Debug|x64.ActiveCfg = Debug|Any CPU
		{5C22FD9B-9367-4B51-83EA-F4AF08AF2C97}.Debug|x64.Build.0 = Debug|Any CPU
		{5C22FD9B-9367-4B51-83EA-F4AF08AF2C97}.Debug|x86.ActiveCfg = Debug|Any CPU
		{5C22FD9B-9367-4B51-83EA-F4AF08AF2C97}.Debug|x86.Build.0 = Debug|Any CPU
		{5C22FD9B-9367-4B51-83EA-F4AF08AF2C97}.Release|Any CPU.ActiveCfg = Release|Any CPU
		{5C22FD9B-9367-4B51-83EA-F4AF08AF2C97}.Release|Any CPU.Build.0 = Release|Any CPU
		{5C22FD9B-9367-4B51-83EA-F4AF08AF2C97}.Release|x64.ActiveCfg = Release|Any CPU
		{5C22FD9B-9367-4B51-83EA-F4AF08AF2C97}.Release|x64.Build.0 = Release|Any CPU
		{5C22FD9B-9367-4B51-83EA-F4AF08AF2C97}.Release|x86.ActiveCfg = Release|Any CPU
		{5C22FD9B-9367-4B51-83EA-F4AF08AF2C97}.Release|x86.Build.0 = Release|Any CPU
		{3B23FABA-4F98-4B51-BAD8-219FF68811DB}.Debug|Any CPU.ActiveCfg = Debug|Any CPU
		{3B23FABA-4F98-4B51-BAD8-219FF68811DB}.Debug|Any CPU.Build.0 = Debug|Any CPU
		{3B23FABA-4F98-4B51-BAD8-219FF68811DB}.Debug|x64.ActiveCfg = Debug|Any CPU
		{3B23FABA-4F98-4B51-BAD8-219FF68811DB}.Debug|x64.Build.0 = Debug|Any CPU
		{3B23FABA-4F98-4B51-BAD8-219FF68811DB}.Debug|x86.ActiveCfg = Debug|Any CPU
		{3B23FABA-4F98-4B51-BAD8-219FF68811DB}.Debug|x86.Build.0 = Debug|Any CPU
		{3B23FABA-4F98-4B51-BAD8-219FF68811DB}.Release|Any CPU.ActiveCfg = Release|Any CPU
		{3B23FABA-4F98-4B51-BAD8-219FF68811DB}.Release|Any CPU.Build.0 = Release|Any CPU
		{3B23FABA-4F98-4B51-BAD8-219FF68811DB}.Release|x64.ActiveCfg = Release|Any CPU
		{3B23FABA-4F98-4B51-BAD8-219FF68811DB}.Release|x64.Build.0 = Release|Any CPU
		{3B23FABA-4F98-4B51-BAD8-219FF68811DB}.Release|x86.ActiveCfg = Release|Any CPU
		{3B23FABA-4F98-4B51-BAD8-219FF68811DB}.Release|x86.Build.0 = Release|Any CPU
		{06A6D024-7C9B-4E94-AE7F-9654526CF9A0}.Debug|Any CPU.ActiveCfg = Debug|Any CPU
		{06A6D024-7C9B-4E94-AE7F-9654526CF9A0}.Debug|Any CPU.Build.0 = Debug|Any CPU
		{06A6D024-7C9B-4E94-AE7F-9654526CF9A0}.Debug|x64.ActiveCfg = Debug|Any CPU
		{06A6D024-7C9B-4E94-AE7F-9654526CF9A0}.Debug|x64.Build.0 = Debug|Any CPU
		{06A6D024-7C9B-4E94-AE7F-9654526CF9A0}.Debug|x86.ActiveCfg = Debug|Any CPU
		{06A6D024-7C9B-4E94-AE7F-9654526CF9A0}.Debug|x86.Build.0 = Debug|Any CPU
		{06A6D024-7C9B-4E94-AE7F-9654526CF9A0}.Release|Any CPU.ActiveCfg = Release|Any CPU
		{06A6D024-7C9B-4E94-AE7F-9654526CF9A0}.Release|Any CPU.Build.0 = Release|Any CPU
		{06A6D024-7C9B-4E94-AE7F-9654526CF9A0}.Release|x64.ActiveCfg = Release|Any CPU
		{06A6D024-7C9B-4E94-AE7F-9654526CF9A0}.Release|x64.Build.0 = Release|Any CPU
		{06A6D024-7C9B-4E94-AE7F-9654526CF9A0}.Release|x86.ActiveCfg = Release|Any CPU
		{06A6D024-7C9B-4E94-AE7F-9654526CF9A0}.Release|x86.Build.0 = Release|Any CPU
		{6E011FDF-3EE4-49E8-8B58-AB31A639B774}.Debug|Any CPU.ActiveCfg = Debug|Any CPU
		{6E011FDF-3EE4-49E8-8B58-AB31A639B774}.Debug|Any CPU.Build.0 = Debug|Any CPU
		{6E011FDF-3EE4-49E8-8B58-AB31A639B774}.Debug|x64.ActiveCfg = Debug|Any CPU
		{6E011FDF-3EE4-49E8-8B58-AB31A639B774}.Debug|x64.Build.0 = Debug|Any CPU
		{6E011FDF-3EE4-49E8-8B58-AB31A639B774}.Debug|x86.ActiveCfg = Debug|Any CPU
		{6E011FDF-3EE4-49E8-8B58-AB31A639B774}.Debug|x86.Build.0 = Debug|Any CPU
		{6E011FDF-3EE4-49E8-8B58-AB31A639B774}.Release|Any CPU.ActiveCfg = Release|Any CPU
		{6E011FDF-3EE4-49E8-8B58-AB31A639B774}.Release|Any CPU.Build.0 = Release|Any CPU
		{6E011FDF-3EE4-49E8-8B58-AB31A639B774}.Release|x64.ActiveCfg = Release|Any CPU
		{6E011FDF-3EE4-49E8-8B58-AB31A639B774}.Release|x64.Build.0 = Release|Any CPU
		{6E011FDF-3EE4-49E8-8B58-AB31A639B774}.Release|x86.ActiveCfg = Release|Any CPU
		{6E011FDF-3EE4-49E8-8B58-AB31A639B774}.Release|x86.Build.0 = Release|Any CPU
	EndGlobalSection
	GlobalSection(SolutionProperties) = preSolution
		HideSolutionNode = FALSE
	EndGlobalSection
EndGlobal
